<?xml version="1.0" encoding="utf-8"?>
<Project ToolsVersion="4.0" xmlns="http://schemas.microsoft.com/developer/msbuild/2003">
  <ItemGroup>
    <ClCompile Include="src\Moss\Application.cpp" />
    <ClCompile Include="src\Moss\ImGui\ImGuiBuild.cpp" />
    <ClCompile Include="src\Moss\ImGui\ImGuiLayer.cpp" />
    <ClCompile Include="src\Moss\Layer.cpp" />
    <ClCompile Include="src\Moss\LayerStack.cpp" />
    <ClCompile Include="src\Moss\Log.cpp" />
    <ClCompile Include="src\Platform\OpenGL\OpenGLContext.cpp" />
    <ClCompile Include="src\Platform\Windows\WindowsInput.cpp" />
    <ClCompile Include="src\Platform\Windows\WindowsWindow.cpp" />
    <ClCompile Include="src\mspch.cpp" />
    <ClCompile Include="src\Moss\Renderer\Shader.cpp" />
    <ClCompile Include="src\Moss\Renderer\Buffer.cpp" />
    <ClCompile Include="src\Platform\OpenGL\OpenGLBuffer.cpp" />
    <ClCompile Include="src\Moss\Renderer\Renderer.cpp" />
    <ClCompile Include="src\Moss\Renderer\VertexArray.cpp" />
    <ClCompile Include="src\Platform\OpenGL\OpenGLVertexArray.cpp" />
  </ItemGroup>
  <ItemGroup>
    <ClInclude Include="src\Moss\Application.h" />
    <ClInclude Include="src\Moss\Core.h" />
    <ClInclude Include="src\Moss\EntryPoint.h" />
    <ClInclude Include="src\Moss\Event\ApplicationEvent.h" />
    <ClInclude Include="src\Moss\Event\Event.h" />
    <ClInclude Include="src\Moss\Event\KeyEvent.h" />
    <ClInclude Include="src\Moss\Event\MouseEvent.h" />
    <ClInclude Include="src\Moss\ImGui\ImGuiLayer.h" />
    <ClInclude Include="src\Moss\Input.h" />
    <ClInclude Include="src\Moss\KeyCodes.h" />
    <ClInclude Include="src\Moss\Layer.h" />
    <ClInclude Include="src\Moss\LayerStack.h" />
    <ClInclude Include="src\Moss\Log.h" />
    <ClInclude Include="src\Moss\Moss.h" />
    <ClInclude Include="src\Moss\MouseButtonCodes.h" />
    <ClInclude Include="src\Moss\Renderer\GraphicsContext.h" />
    <ClInclude Include="src\Moss\Window.h" />
    <ClInclude Include="src\Platform\OpenGL\OpenGLContext.h" />
    <ClInclude Include="src\Platform\Windows\WindowsInput.h" />
    <ClInclude Include="src\Platform\Windows\WindowsWindow.h" />
    <ClInclude Include="src\mspch.h" />
    <ClInclude Include="src\Moss\Renderer\Shader.h" />
    <ClInclude Include="src\Moss\Renderer\Buffer.h" />
    <ClInclude Include="src\Platform\OpenGL\OpenGLBuffer.h" />
    <ClInclude Include="src\Moss\Renderer\Renderer.h" />
    <ClInclude Include="src\Moss\Renderer\VertexArray.h" />
    <ClInclude Include="src\Platform\OpenGL\OpenGLVertexArray.h" />
  </ItemGroup>
</Project>