<?xml version="1.0" encoding="utf-8"?>
<Project ToolsVersion="4.0" xmlns="http://schemas.microsoft.com/developer/msbuild/2003">
  <ItemGroup>
    <Filter Include="Platform">
      <UniqueIdentifier>{2AC788B4-1694-E3BF-3FAD-D1672BD9184E}</UniqueIdentifier>
    </Filter>
    <Filter Include="Platform\Windows">
      <UniqueIdentifier>{64FBD71A-50F4-F66C-7926-DCF1657ED678}</UniqueIdentifier>
    </Filter>
    <Filter Include="src">
      <UniqueIdentifier>{2DAB880B-99B4-887C-2230-9F7C8E38947C}</UniqueIdentifier>
    </Filter>
    <Filter Include="src\Moss">
      <UniqueIdentifier>{9E4F22CF-8A1C-7DDA-B335-6B829F61B268}</UniqueIdentifier>
    </Filter>
    <Filter Include="src\Moss\Event">
      <UniqueIdentifier>{6F8F984E-5B5D-8C54-44F1-FC7A305E68B9}</UniqueIdentifier>
    </Filter>
  </ItemGroup>
  <ItemGroup>
    <ClInclude Include="Platform\Windows\WindowsWindow.h">
      <Filter>Platform\Windows</Filter>
    </ClInclude>
    <ClInclude Include="src\Moss\Application.h">
      <Filter>src\Moss</Filter>
    </ClInclude>
    <ClInclude Include="src\Moss\Core.h">
      <Filter>src\Moss</Filter>
    </ClInclude>
    <ClInclude Include="src\Moss\EntryPoint.h">
      <Filter>src\Moss</Filter>
    </ClInclude>
    <ClInclude Include="src\Moss\Event\ApplicationEvent.h">
      <Filter>src\Moss\Event</Filter>
    </ClInclude>
    <ClInclude Include="src\Moss\Event\Event.h">
      <Filter>src\Moss\Event</Filter>
    </ClInclude>
    <ClInclude Include="src\Moss\Event\KeyEvent.h">
      <Filter>src\Moss\Event</Filter>
    </ClInclude>
    <ClInclude Include="src\Moss\Event\MouseEvent.h">
      <Filter>src\Moss\Event</Filter>
    </ClInclude>
    <ClInclude Include="src\Moss\Layer.h">
      <Filter>src\Moss</Filter>
    </ClInclude>
    <ClInclude Include="src\Moss\LayerStack.h">
      <Filter>src\Moss</Filter>
    </ClInclude>
    <ClInclude Include="src\Moss\Log.h">
      <Filter>src\Moss</Filter>
    </ClInclude>
    <ClInclude Include="src\Moss\Moss.h">
      <Filter>src\Moss</Filter>
    </ClInclude>
    <ClInclude Include="src\Moss\Window.h">
      <Filter>src\Moss</Filter>
    </ClInclude>
    <ClInclude Include="src\mspch.h">
      <Filter>src</Filter>
    </ClInclude>
  </ItemGroup>
  <ItemGroup>
    <ClCompile Include="Platform\Windows\WindowsWindow.cpp">
      <Filter>Platform\Windows</Filter>
    </ClCompile>
    <ClCompile Include="src\Moss\Application.cpp">
      <Filter>src\Moss</Filter>
    </ClCompile>
    <ClCompile Include="src\Moss\Layer.cpp">
      <Filter>src\Moss</Filter>
    </ClCompile>
    <ClCompile Include="src\Moss\LayerStack.cpp">
      <Filter>src\Moss</Filter>
    </ClCompile>
    <ClCompile Include="src\Moss\Log.cpp">
      <Filter>src\Moss</Filter>
    </ClCompile>
    <ClCompile Include="src\mspch.cpp">
      <Filter>src</Filter>
    </ClCompile>
  </ItemGroup>
</Project>